// !$*UTF8*$!
{
	archiveVersion = 1;
	classes = {
	};
	objectVersion = 46;
	objects = {

/* Begin PBXBuildFile section */
		555A80E11D5881900016C087 /* 2000px-Circle_arrow_left_font_awesome.svg.png in Resources */ = {isa = PBXBuildFile; fileRef = 555A80DF1D5881900016C087 /* 2000px-Circle_arrow_left_font_awesome.svg.png */; };
		555A80E21D5881900016C087 /* JUDCon2013unitedstates_poster_arrowelement.png in Resources */ = {isa = PBXBuildFile; fileRef = 555A80E01D5881900016C087 /* JUDCon2013unitedstates_poster_arrowelement.png */; };
		556857471D086952003639B5 /* AppDelegate.swift in Sources */ = {isa = PBXBuildFile; fileRef = 556857461D086952003639B5 /* AppDelegate.swift */; };
		556857491D086952003639B5 /* ViewController.swift in Sources */ = {isa = PBXBuildFile; fileRef = 556857481D086952003639B5 /* ViewController.swift */; };
		5568574C1D086952003639B5 /* Main.storyboard in Resources */ = {isa = PBXBuildFile; fileRef = 5568574A1D086952003639B5 /* Main.storyboard */; };
		5568574E1D086952003639B5 /* Assets.xcassets in Resources */ = {isa = PBXBuildFile; fileRef = 5568574D1D086952003639B5 /* Assets.xcassets */; };
		556857511D086952003639B5 /* LaunchScreen.storyboard in Resources */ = {isa = PBXBuildFile; fileRef = 5568574F1D086952003639B5 /* LaunchScreen.storyboard */; };
		5568575C1D086952003639B5 /* Sockets_MonitorTests.swift in Sources */ = {isa = PBXBuildFile; fileRef = 5568575B1D086952003639B5 /* Sockets_MonitorTests.swift */; };
		556857671D086952003639B5 /* Sockets_MonitorUITests.swift in Sources */ = {isa = PBXBuildFile; fileRef = 556857661D086952003639B5 /* Sockets_MonitorUITests.swift */; };
		55AFA4471D09A13300B60412 /* socketsController.swift in Sources */ = {isa = PBXBuildFile; fileRef = 55AFA4461D09A13300B60412 /* socketsController.swift */; };
/* End PBXBuildFile section */

/* Begin PBXContainerItemProxy section */
		556857581D086952003639B5 /* PBXContainerItemProxy */ = {
			isa = PBXContainerItemProxy;
			containerPortal = 5568573B1D086951003639B5 /* Project object */;
			proxyType = 1;
			remoteGlobalIDString = 556857421D086951003639B5;
			remoteInfo = Sockets.Monitor;
		};
		556857631D086952003639B5 /* PBXContainerItemProxy */ = {
			isa = PBXContainerItemProxy;
			containerPortal = 5568573B1D086951003639B5 /* Project object */;
			proxyType = 1;
			remoteGlobalIDString = 556857421D086951003639B5;
			remoteInfo = Sockets.Monitor;
		};
/* End PBXContainerItemProxy section */

/* Begin PBXFileReference section */
		555A80DF1D5881900016C087 /* 2000px-Circle_arrow_left_font_awesome.svg.png */ = {isa = PBXFileReference; lastKnownFileType = image.png; name = "2000px-Circle_arrow_left_font_awesome.svg.png"; path = "../../../../../../Downloads/2000px-Circle_arrow_left_font_awesome.svg.png"; sourceTree = "<group>"; };
		555A80E01D5881900016C087 /* JUDCon2013unitedstates_poster_arrowelement.png */ = {isa = PBXFileReference; lastKnownFileType = image.png; name = JUDCon2013unitedstates_poster_arrowelement.png; path = ../../../../../../Downloads/JUDCon2013unitedstates_poster_arrowelement.png; sourceTree = "<group>"; };
		556857431D086951003639B5 /* Sockets.Monitor.app */ = {isa = PBXFileReference; explicitFileType = wrapper.application; includeInIndex = 0; path = Sockets.Monitor.app; sourceTree = BUILT_PRODUCTS_DIR; };
		556857461D086952003639B5 /* AppDelegate.swift */ = {isa = PBXFileReference; lastKnownFileType = sourcecode.swift; path = AppDelegate.swift; sourceTree = "<group>"; };
		556857481D086952003639B5 /* ViewController.swift */ = {isa = PBXFileReference; lastKnownFileType = sourcecode.swift; path = ViewController.swift; sourceTree = "<group>"; };
		5568574B1D086952003639B5 /* Base */ = {isa = PBXFileReference; lastKnownFileType = file.storyboard; name = Base; path = Base.lproj/Main.storyboard; sourceTree = "<group>"; };
		5568574D1D086952003639B5 /* Assets.xcassets */ = {isa = PBXFileReference; lastKnownFileType = folder.assetcatalog; path = Assets.xcassets; sourceTree = "<group>"; };
		556857501D086952003639B5 /* Base */ = {isa = PBXFileReference; lastKnownFileType = file.storyboard; name = Base; path = Base.lproj/LaunchScreen.storyboard; sourceTree = "<group>"; };
		556857521D086952003639B5 /* Info.plist */ = {isa = PBXFileReference; lastKnownFileType = text.plist.xml; path = Info.plist; sourceTree = "<group>"; };
		556857571D086952003639B5 /* Sockets.MonitorTests.xctest */ = {isa = PBXFileReference; explicitFileType = wrapper.cfbundle; includeInIndex = 0; path = Sockets.MonitorTests.xctest; sourceTree = BUILT_PRODUCTS_DIR; };
		5568575B1D086952003639B5 /* Sockets_MonitorTests.swift */ = {isa = PBXFileReference; lastKnownFileType = sourcecode.swift; path = Sockets_MonitorTests.swift; sourceTree = "<group>"; };
		5568575D1D086952003639B5 /* Info.plist */ = {isa = PBXFileReference; lastKnownFileType = text.plist.xml; path = Info.plist; sourceTree = "<group>"; };
		556857621D086952003639B5 /* Sockets.MonitorUITests.xctest */ = {isa = PBXFileReference; explicitFileType = wrapper.cfbundle; includeInIndex = 0; path = Sockets.MonitorUITests.xctest; sourceTree = BUILT_PRODUCTS_DIR; };
		556857661D086952003639B5 /* Sockets_MonitorUITests.swift */ = {isa = PBXFileReference; lastKnownFileType = sourcecode.swift; path = Sockets_MonitorUITests.swift; sourceTree = "<group>"; };
		556857681D086952003639B5 /* Info.plist */ = {isa = PBXFileReference; lastKnownFileType = text.plist.xml; path = Info.plist; sourceTree = "<group>"; };
		55AFA4461D09A13300B60412 /* socketsController.swift */ = {isa = PBXFileReference; fileEncoding = 4; lastKnownFileType = sourcecode.swift; path = socketsController.swift; sourceTree = "<group>"; };
/* End PBXFileReference section */

/* Begin PBXFrameworksBuildPhase section */
		556857401D086951003639B5 /* Frameworks */ = {
			isa = PBXFrameworksBuildPhase;
			buildActionMask = 2147483647;
			files = (
			);
			runOnlyForDeploymentPostprocessing = 0;
		};
		556857541D086952003639B5 /* Frameworks */ = {
			isa = PBXFrameworksBuildPhase;
			buildActionMask = 2147483647;
			files = (
			);
			runOnlyForDeploymentPostprocessing = 0;
		};
		5568575F1D086952003639B5 /* Frameworks */ = {
			isa = PBXFrameworksBuildPhase;
			buildActionMask = 2147483647;
			files = (
			);
			runOnlyForDeploymentPostprocessing = 0;
		};
/* End PBXFrameworksBuildPhase section */

/* Begin PBXGroup section */
		5568573A1D086951003639B5 = {
			isa = PBXGroup;
			children = (
				556857451D086952003639B5 /* Sockets.Monitor */,
				5568575A1D086952003639B5 /* Sockets.MonitorTests */,
				556857651D086952003639B5 /* Sockets.MonitorUITests */,
				556857441D086951003639B5 /* Products */,
			);
			sourceTree = "<group>";
		};
		556857441D086951003639B5 /* Products */ = {
			isa = PBXGroup;
			children = (
				556857431D086951003639B5 /* Sockets.Monitor.app */,
				556857571D086952003639B5 /* Sockets.MonitorTests.xctest */,
				556857621D086952003639B5 /* Sockets.MonitorUITests.xctest */,
			);
			name = Products;
			sourceTree = "<group>";
		};
		556857451D086952003639B5 /* Sockets.Monitor */ = {
			isa = PBXGroup;
			children = (
				555A80DF1D5881900016C087 /* 2000px-Circle_arrow_left_font_awesome.svg.png */,
				555A80E01D5881900016C087 /* JUDCon2013unitedstates_poster_arrowelement.png */,
				556857461D086952003639B5 /* AppDelegate.swift */,
				556857481D086952003639B5 /* ViewController.swift */,
				5568574A1D086952003639B5 /* Main.storyboard */,
				5568574D1D086952003639B5 /* Assets.xcassets */,
				5568574F1D086952003639B5 /* LaunchScreen.storyboard */,
				556857521D086952003639B5 /* Info.plist */,
				55AFA4461D09A13300B60412 /* socketsController.swift */,
			);
			path = Sockets.Monitor;
			sourceTree = "<group>";
		};
		5568575A1D086952003639B5 /* Sockets.MonitorTests */ = {
			isa = PBXGroup;
			children = (
				5568575B1D086952003639B5 /* Sockets_MonitorTests.swift */,
				5568575D1D086952003639B5 /* Info.plist */,
			);
			path = Sockets.MonitorTests;
			sourceTree = "<group>";
		};
		556857651D086952003639B5 /* Sockets.MonitorUITests */ = {
			isa = PBXGroup;
			children = (
				556857661D086952003639B5 /* Sockets_MonitorUITests.swift */,
				556857681D086952003639B5 /* Info.plist */,
			);
			path = Sockets.MonitorUITests;
			sourceTree = "<group>";
		};
/* End PBXGroup section */

/* Begin PBXNativeTarget section */
		556857421D086951003639B5 /* Sockets.Monitor */ = {
			isa = PBXNativeTarget;
			buildConfigurationList = 5568576B1D086952003639B5 /* Build configuration list for PBXNativeTarget "Sockets.Monitor" */;
			buildPhases = (
				5568573F1D086951003639B5 /* Sources */,
				556857401D086951003639B5 /* Frameworks */,
				556857411D086951003639B5 /* Resources */,
			);
			buildRules = (
			);
			dependencies = (
			);
			name = Sockets.Monitor;
			productName = Sockets.Monitor;
			productReference = 556857431D086951003639B5 /* Sockets.Monitor.app */;
			productType = "com.apple.product-type.application";
		};
		556857561D086952003639B5 /* Sockets.MonitorTests */ = {
			isa = PBXNativeTarget;
			buildConfigurationList = 5568576E1D086952003639B5 /* Build configuration list for PBXNativeTarget "Sockets.MonitorTests" */;
			buildPhases = (
				556857531D086952003639B5 /* Sources */,
				556857541D086952003639B5 /* Frameworks */,
				556857551D086952003639B5 /* Resources */,
			);
			buildRules = (
			);
			dependencies = (
				556857591D086952003639B5 /* PBXTargetDependency */,
			);
			name = Sockets.MonitorTests;
			productName = Sockets.MonitorTests;
			productReference = 556857571D086952003639B5 /* Sockets.MonitorTests.xctest */;
			productType = "com.apple.product-type.bundle.unit-test";
		};
		556857611D086952003639B5 /* Sockets.MonitorUITests */ = {
			isa = PBXNativeTarget;
			buildConfigurationList = 556857711D086952003639B5 /* Build configuration list for PBXNativeTarget "Sockets.MonitorUITests" */;
			buildPhases = (
				5568575E1D086952003639B5 /* Sources */,
				5568575F1D086952003639B5 /* Frameworks */,
				556857601D086952003639B5 /* Resources */,
			);
			buildRules = (
			);
			dependencies = (
				556857641D086952003639B5 /* PBXTargetDependency */,
			);
			name = Sockets.MonitorUITests;
			productName = Sockets.MonitorUITests;
			productReference = 556857621D086952003639B5 /* Sockets.MonitorUITests.xctest */;
			productType = "com.apple.product-type.bundle.ui-testing";
		};
/* End PBXNativeTarget section */

/* Begin PBXProject section */
		5568573B1D086951003639B5 /* Project object */ = {
			isa = PBXProject;
			attributes = {
				LastSwiftUpdateCheck = 0730;
				LastUpgradeCheck = 0730;
				ORGANIZATIONNAME = "Soliva John Paul";
				TargetAttributes = {
					556857421D086951003639B5 = {
						CreatedOnToolsVersion = 7.3.1;
						DevelopmentTeam = ZKJ47SNHYL;
					};
					556857561D086952003639B5 = {
						CreatedOnToolsVersion = 7.3.1;
						DevelopmentTeam = ZKJ47SNHYL;
						TestTargetID = 556857421D086951003639B5;
					};
					556857611D086952003639B5 = {
						CreatedOnToolsVersion = 7.3.1;
						DevelopmentTeam = ZKJ47SNHYL;
						TestTargetID = 556857421D086951003639B5;
					};
				};
			};
			buildConfigurationList = 5568573E1D086951003639B5 /* Build configuration list for PBXProject "Sockets.Monitor" */;
			compatibilityVersion = "Xcode 3.2";
			developmentRegion = English;
			hasScannedForEncodings = 0;
			knownRegions = (
				en,
				Base,
			);
			mainGroup = 5568573A1D086951003639B5;
			productRefGroup = 556857441D086951003639B5 /* Products */;
			projectDirPath = "";
			projectRoot = "";
			targets = (
				556857421D086951003639B5 /* Sockets.Monitor */,
				556857561D086952003639B5 /* Sockets.MonitorTests */,
				556857611D086952003639B5 /* Sockets.MonitorUITests */,
			);
		};
/* End PBXProject section */

/* Begin PBXResourcesBuildPhase section */
		556857411D086951003639B5 /* Resources */ = {
			isa = PBXResourcesBuildPhase;
			buildActionMask = 2147483647;
			files = (
				556857511D086952003639B5 /* LaunchScreen.storyboard in Resources */,
				555A80E11D5881900016C087 /* 2000px-Circle_arrow_left_font_awesome.svg.png in Resources */,
				555A80E21D5881900016C087 /* JUDCon2013unitedstates_poster_arrowelement.png in Resources */,
				5568574E1D086952003639B5 /* Assets.xcassets in Resources */,
				5568574C1D086952003639B5 /* Main.storyboard in Resources */,
			);
			runOnlyForDeploymentPostprocessing = 0;
		};
		556857551D086952003639B5 /* Resources */ = {
			isa = PBXResourcesBuildPhase;
			buildActionMask = 2147483647;
			files = (
			);
			runOnlyForDeploymentPostprocessing = 0;
		};
		556857601D086952003639B5 /* Resources */ = {
			isa = PBXResourcesBuildPhase;
			buildActionMask = 2147483647;
			files = (
			);
			runOnlyForDeploymentPostprocessing = 0;
		};
/* End PBXResourcesBuildPhase section */

/* Begin PBXSourcesBuildPhase section */
		5568573F1D086951003639B5 /* Sources */ = {
			isa = PBXSourcesBuildPhase;
			buildActionMask = 2147483647;
			files = (
				556857491D086952003639B5 /* ViewController.swift in Sources */,
				55AFA4471D09A13300B60412 /* socketsController.swift in Sources */,
				556857471D086952003639B5 /* AppDelegate.swift in Sources */,
			);
			runOnlyForDeploymentPostprocessing = 0;
		};
		556857531D086952003639B5 /* Sources */ = {
			isa = PBXSourcesBuildPhase;
			buildActionMask = 2147483647;
			files = (
				5568575C1D086952003639B5 /* Sockets_MonitorTests.swift in Sources */,
			);
			runOnlyForDeploymentPostprocessing = 0;
		};
		5568575E1D086952003639B5 /* Sources */ = {
			isa = PBXSourcesBuildPhase;
			buildActionMask = 2147483647;
			files = (
				556857671D086952003639B5 /* Sockets_MonitorUITests.swift in Sources */,
			);
			runOnlyForDeploymentPostprocessing = 0;
		};
/* End PBXSourcesBuildPhase section */

/* Begin PBXTargetDependency section */
		556857591D086952003639B5 /* PBXTargetDependency */ = {
			isa = PBXTargetDependency;
			target = 556857421D086951003639B5 /* Sockets.Monitor */;
			targetProxy = 556857581D086952003639B5 /* PBXContainerItemProxy */;
		};
		556857641D086952003639B5 /* PBXTargetDependency */ = {
			isa = PBXTargetDependency;
			target = 556857421D086951003639B5 /* Sockets.Monitor */;
			targetProxy = 556857631D086952003639B5 /* PBXContainerItemProxy */;
		};
/* End PBXTargetDependency section */

/* Begin PBXVariantGroup section */
		5568574A1D086952003639B5 /* Main.storyboard */ = {
			isa = PBXVariantGroup;
			children = (
				5568574B1D086952003639B5 /* Base */,
			);
			name = Main.storyboard;
			sourceTree = "<group>";
		};
		5568574F1D086952003639B5 /* LaunchScreen.storyboard */ = {
			isa = PBXVariantGroup;
			children = (
				556857501D086952003639B5 /* Base */,
			);
			name = LaunchScreen.storyboard;
			sourceTree = "<group>";
		};
/* End PBXVariantGroup section */

/* Begin XCBuildConfiguration section */
		556857691D086952003639B5 /* Debug */ = {
			isa = XCBuildConfiguration;
			buildSettings = {
				ALWAYS_SEARCH_USER_PATHS = NO;
				CLANG_ANALYZER_NONNULL = YES;
				CLANG_CXX_LANGUAGE_STANDARD = "gnu++0x";
				CLANG_CXX_LIBRARY = "libc++";
				CLANG_ENABLE_MODULES = YES;
				CLANG_ENABLE_OBJC_ARC = YES;
				CLANG_WARN_BOOL_CONVERSION = YES;
				CLANG_WARN_CONSTANT_CONVERSION = YES;
				CLANG_WARN_DIRECT_OBJC_ISA_USAGE = YES_ERROR;
				CLANG_WARN_EMPTY_BODY = YES;
				CLANG_WARN_ENUM_CONVERSION = YES;
				CLANG_WARN_INT_CONVERSION = YES;
				CLANG_WARN_OBJC_ROOT_CLASS = YES_ERROR;
				CLANG_WARN_UNREACHABLE_CODE = YES;
				CLANG_WARN__DUPLICATE_METHOD_MATCH = YES;
				"CODE_SIGN_IDENTITY[sdk=iphoneos*]" = "iPhone Developer";
				COPY_PHASE_STRIP = NO;
				DEBUG_INFORMATION_FORMAT = dwarf;
				ENABLE_STRICT_OBJC_MSGSEND = YES;
				ENABLE_TESTABILITY = YES;
				GCC_C_LANGUAGE_STANDARD = gnu99;
				GCC_DYNAMIC_NO_PIC = NO;
				GCC_NO_COMMON_BLOCKS = YES;
				GCC_OPTIMIZATION_LEVEL = 0;
				GCC_PREPROCESSOR_DEFINITIONS = (
					"DEBUG=1",
					"$(inherited)",
				);
				GCC_WARN_64_TO_32_BIT_CONVERSION = YES;
				GCC_WARN_ABOUT_RETURN_TYPE = YES_ERROR;
				GCC_WARN_UNDECLARED_SELECTOR = YES;
				GCC_WARN_UNINITIALIZED_AUTOS = YES_AGGRESSIVE;
				GCC_WARN_UNUSED_FUNCTION = YES;
				GCC_WARN_UNUSED_VARIABLE = YES;
				IPHONEOS_DEPLOYMENT_TARGET = 9.3;
				MTL_ENABLE_DEBUG_INFO = YES;
				ONLY_ACTIVE_ARCH = YES;
				SDKROOT = iphoneos;
				SWIFT_OPTIMIZATION_LEVEL = "-Onone";
			};
			name = Debug;
		};
		5568576A1D086952003639B5 /* Release */ = {
			isa = XCBuildConfiguration;
			buildSettings = {
				ALWAYS_SEARCH_USER_PATHS = NO;
				CLANG_ANALYZER_NONNULL = YES;
				CLANG_CXX_LANGUAGE_STANDARD = "gnu++0x";
				CLANG_CXX_LIBRARY = "libc++";
				CLANG_ENABLE_MODULES = YES;
				CLANG_ENABLE_OBJC_ARC = YES;
				CLANG_WARN_BOOL_CONVERSION = YES;
				CLANG_WARN_CONSTANT_CONVERSION = YES;
				CLANG_WARN_DIRECT_OBJC_ISA_USAGE = YES_ERROR;
				CLANG_WARN_EMPTY_BODY = YES;
				CLANG_WARN_ENUM_CONVERSION = YES;
				CLANG_WARN_INT_CONVERSION = YES;
				CLANG_WARN_OBJC_ROOT_CLASS = YES_ERROR;
				CLANG_WARN_UNREACHABLE_CODE = YES;
				CLANG_WARN__DUPLICATE_METHOD_MATCH = YES;
				"CODE_SIGN_IDENTITY[sdk=iphoneos*]" = "iPhone Developer";
				COPY_PHASE_STRIP = NO;
				DEBUG_INFORMATION_FORMAT = "dwarf-with-dsym";
				ENABLE_NS_ASSERTIONS = NO;
				ENABLE_STRICT_OBJC_MSGSEND = YES;
				GCC_C_LANGUAGE_STANDARD = gnu99;
				GCC_NO_COMMON_BLOCKS = YES;
				GCC_WARN_64_TO_32_BIT_CONVERSION = YES;
				GCC_WARN_ABOUT_RETURN_TYPE = YES_ERROR;
				GCC_WARN_UNDECLARED_SELECTOR = YES;
				GCC_WARN_UNINITIALIZED_AUTOS = YES_AGGRESSIVE;
				GCC_WARN_UNUSED_FUNCTION = YES;
				GCC_WARN_UNUSED_VARIABLE = YES;
				IPHONEOS_DEPLOYMENT_TARGET = 9.3;
				MTL_ENABLE_DEBUG_INFO = NO;
				SDKROOT = iphoneos;
				VALIDATE_PRODUCT = YES;
			};
			name = Release;
		};
		5568576C1D086952003639B5 /* Debug */ = {
			isa = XCBuildConfiguration;
			buildSettings = {
				ASSETCATALOG_COMPILER_APPICON_NAME = AppIcon;
				ASSETCATALOG_COMPILER_LAUNCHIMAGE_NAME = "Brand Assets";
				CODE_SIGN_IDENTITY = "iPhone Developer";
				"CODE_SIGN_IDENTITY[sdk=iphoneos*]" = "iPhone Developer";
				INFOPLIST_FILE = Sockets.Monitor/Info.plist;
				LD_RUNPATH_SEARCH_PATHS = "$(inherited) @executable_path/Frameworks";
				PRODUCT_BUNDLE_IDENTIFIER = "com.swiftproj.Sockets-Monitor";
				PRODUCT_NAME = "$(TARGET_NAME)";
				PROVISIONING_PROFILE = "";
			};
			name = Debug;
		};
		5568576D1D086952003639B5 /* Release */ = {
			isa = XCBuildConfiguration;
			buildSettings = {
				ASSETCATALOG_COMPILER_APPICON_NAME = AppIcon;
				ASSETCATALOG_COMPILER_LAUNCHIMAGE_NAME = "Brand Assets";
				CODE_SIGN_IDENTITY = "iPhone Developer";
				"CODE_SIGN_IDENTITY[sdk=iphoneos*]" = "iPhone Developer";
				INFOPLIST_FILE = Sockets.Monitor/Info.plist;
				LD_RUNPATH_SEARCH_PATHS = "$(inherited) @executable_path/Frameworks";
				PRODUCT_BUNDLE_IDENTIFIER = "com.swiftproj.Sockets-Monitor";
				PRODUCT_NAME = "$(TARGET_NAME)";
				PROVISIONING_PROFILE = "";
			};
			name = Release;
		};
		5568576F1D086952003639B5 /* Debug */ = {
			isa = XCBuildConfiguration;
			buildSettings = {
				BUNDLE_LOADER = "$(TEST_HOST)";
				INFOPLIST_FILE = Sockets.MonitorTests/Info.plist;
				LD_RUNPATH_SEARCH_PATHS = "$(inherited) @executable_path/Frameworks @loader_path/Frameworks";
				PRODUCT_BUNDLE_IDENTIFIER = "com.swiftproj.Sockets-MonitorTests";
				PRODUCT_NAME = "$(TARGET_NAME)";
				TEST_HOST = "$(BUILT_PRODUCTS_DIR)/Sockets.Monitor.app/Sockets.Monitor";
			};
			name = Debug;
		};
		556857701D086952003639B5 /* Release */ = {
			isa = XCBuildConfiguration;
			buildSettings = {
				BUNDLE_LOADER = "$(TEST_HOST)";
				INFOPLIST_FILE = Sockets.MonitorTests/Info.plist;
				LD_RUNPATH_SEARCH_PATHS = "$(inherited) @executable_path/Frameworks @loader_path/Frameworks";
				PRODUCT_BUNDLE_IDENTIFIER = "com.swiftproj.Sockets-MonitorTests";
				PRODUCT_NAME = "$(TARGET_NAME)";
				TEST_HOST = "$(BUILT_PRODUCTS_DIR)/Sockets.Monitor.app/Sockets.Monitor";
			};
			name = Release;
		};
		556857721D086952003639B5 /* Debug */ = {
			isa = XCBuildConfiguration;
			buildSettings = {
				INFOPLIST_FILE = Sockets.MonitorUITests/Info.plist;
				LD_RUNPATH_SEARCH_PATHS = "$(inherited) @executable_path/Frameworks @loader_path/Frameworks";
				PRODUCT_BUNDLE_IDENTIFIER = "com.swiftproj.Sockets-MonitorUITests";
				PRODUCT_NAME = "$(TARGET_NAME)";
				TEST_TARGET_NAME = Sockets.Monitor;
			};
			name = Debug;
		};
		556857731D086952003639B5 /* Release */ = {
			isa = XCBuildConfiguration;
			buildSettings = {
				INFOPLIST_FILE = Sockets.MonitorUITests/Info.plist;
				LD_RUNPATH_SEARCH_PATHS = "$(inherited) @executable_path/Frameworks @loader_path/Frameworks";
				PRODUCT_BUNDLE_IDENTIFIER = "com.swiftproj.Sockets-MonitorUITests";
				PRODUCT_NAME = "$(TARGET_NAME)";
				TEST_TARGET_NAME = Sockets.Monitor;
			};
			name = Release;
		};
/* End XCBuildConfiguration section */

/* Begin XCConfigurationList section */
		5568573E1D086951003639B5 /* Build configuration list for PBXProject "Sockets.Monitor" */ = {
			isa = XCConfigurationList;
			buildConfigurations = (
				556857691D086952003639B5 /* Debug */,
				5568576A1D086952003639B5 /* Release */,
			);
			defaultConfigurationIsVisible = 0;
			defaultConfigurationName = Release;
		};
		5568576B1D086952003639B5 /* Build configuration list for PBXNativeTarget "Sockets.Monitor" */ = {
			isa = XCConfigurationList;
			buildConfigurations = (
				5568576C1D086952003639B5 /* Debug */,
				5568576D1D086952003639B5 /* Release */,
			);
			defaultConfigurationIsVisible = 0;
			defaultConfigurationName = Release;
		};
		5568576E1D086952003639B5 /* Build configuration list for PBXNativeTarget "Sockets.MonitorTests" */ = {
			isa = XCConfigurationList;
			buildConfigurations = (
				5568576F1D086952003639B5 /* Debug */,
				556857701D086952003639B5 /* Release */,
			);
			defaultConfigurationIsVisible = 0;
			defaultConfigurationName = Release;
		};
		556857711D086952003639B5 /* Build configuration list for PBXNativeTarget "Sockets.MonitorUITests" */ = {
			isa = XCConfigurationList;
			buildConfigurations = (
				556857721D086952003639B5 /* Debug */,
				556857731D086952003639B5 /* Release */,
			);
			defaultConfigurationIsVisible = 0;
			defaultConfigurationName = Release;
		};
/* End XCConfigurationList section */
	};
	rootObject = 5568573B1D086951003639B5 /* Project object */;
}
